
Microsoft Visual Studio Solution File, Format Version 12.00
# Visual Studio 15
VisualStudioVersion = 15.0.28307.106
MinimumVisualStudioVersion = 10.0.40219.1
Project("{9A19103F-16F7-4668-BE54-9A1E7A4F7556}") = "EFCore2019.Api", "EFCore2019\EFCore2019.Api.csproj", "{E2CCF64E-C9FB-41C2-A08E-4B57F32569BE}"
EndProject
Project("{2150E333-8FDC-42A3-9474-1A3956D46DE8}") = "Api", "Api", "{1972DE78-8468-4A56-B07C-CA5D087A40E2}"
EndProject
Project("{2150E333-8FDC-42A3-9474-1A3956D46DE8}") = "Domain", "Domain", "{CEA20618-3809-4268-B2C5-CF9E220147DE}"
EndProject
Project("{2150E333-8FDC-42A3-9474-1A3956D46DE8}") = "Libraries", "Libraries", "{1A2FBE97-6129-4B44-9049-A073D18F81B5}"
EndProject
Project("{9A19103F-16F7-4668-BE54-9A1E7A4F7556}") = "EFCore2019.Domain", "EFCore2019.Domain\EFCore2019.Domain.csproj", "{C6A9E0EC-CCB1-4ABC-B33F-DCD66DDD8295}"
EndProject
Project("{9A19103F-16F7-4668-BE54-9A1E7A4F7556}") = "EFCore2019.Libraries", "EFCore2019.Libraries\EFCore2019.Libraries.csproj", "{CD6852BE-4D6D-4721-B15C-CF75FC9C4736}"
EndProject
Project("{2150E333-8FDC-42A3-9474-1A3956D46DE8}") = "MVC", "MVC", "{6C312FC7-09DC-408D-A4D0-F1A04C1CE724}"
EndProject
Project("{9A19103F-16F7-4668-BE54-9A1E7A4F7556}") = "EFCore2019.MVC", "EFCore2019.MVC\EFCore2019.MVC.csproj", "{378060FF-6A59-4299-A760-9F104DBC23A4}"
EndProject
Project("{2150E333-8FDC-42A3-9474-1A3956D46DE8}") = "Authentication", "Authentication", "{C969BE2E-F7C4-4640-A035-D30510C25C4A}"
EndProject
Project("{FAE04EC0-301F-11D3-BF4B-00C04F79EFBC}") = "EFCore2019.Authentication", "EFCore2019.Authentication\EFCore2019.Authentication.csproj", "{35735A3D-DF12-4BB0-B32B-70F78BD4406E}"
EndProject
Global
	GlobalSection(SolutionConfigurationPlatforms) = preSolution
		Debug|Any CPU = Debug|Any CPU
		Release|Any CPU = Release|Any CPU
	EndGlobalSection
	GlobalSection(ProjectConfigurationPlatforms) = postSolution
		{E2CCF64E-C9FB-41C2-A08E-4B57F32569BE}.Debug|Any CPU.ActiveCfg = Debug|Any CPU
		{E2CCF64E-C9FB-41C2-A08E-4B57F32569BE}.Debug|Any CPU.Build.0 = Debug|Any CPU
		{E2CCF64E-C9FB-41C2-A08E-4B57F32569BE}.Release|Any CPU.ActiveCfg = Release|Any CPU
		{E2CCF64E-C9FB-41C2-A08E-4B57F32569BE}.Release|Any CPU.Build.0 = Release|Any CPU
		{C6A9E0EC-CCB1-4ABC-B33F-DCD66DDD8295}.Debug|Any CPU.ActiveCfg = Debug|Any CPU
		{C6A9E0EC-CCB1-4ABC-B33F-DCD66DDD8295}.Debug|Any CPU.Build.0 = Debug|Any CPU
		{C6A9E0EC-CCB1-4ABC-B33F-DCD66DDD8295}.Release|Any CPU.ActiveCfg = Release|Any CPU
		{C6A9E0EC-CCB1-4ABC-B33F-DCD66DDD8295}.Release|Any CPU.Build.0 = Release|Any CPU
		{CD6852BE-4D6D-4721-B15C-CF75FC9C4736}.Debug|Any CPU.ActiveCfg = Debug|Any CPU
		{CD6852BE-4D6D-4721-B15C-CF75FC9C4736}.Debug|Any CPU.Build.0 = Debug|Any CPU
		{CD6852BE-4D6D-4721-B15C-CF75FC9C4736}.Release|Any CPU.ActiveCfg = Release|Any CPU
		{CD6852BE-4D6D-4721-B15C-CF75FC9C4736}.Release|Any CPU.Build.0 = Release|Any CPU
		{378060FF-6A59-4299-A760-9F104DBC23A4}.Debug|Any CPU.ActiveCfg = Debug|Any CPU
		{378060FF-6A59-4299-A760-9F104DBC23A4}.Debug|Any CPU.Build.0 = Debug|Any CPU
		{378060FF-6A59-4299-A760-9F104DBC23A4}.Release|Any CPU.ActiveCfg = Release|Any CPU
		{378060FF-6A59-4299-A760-9F104DBC23A4}.Release|Any CPU.Build.0 = Release|Any CPU
		{35735A3D-DF12-4BB0-B32B-70F78BD4406E}.Debug|Any CPU.ActiveCfg = Debug|Any CPU
		{35735A3D-DF12-4BB0-B32B-70F78BD4406E}.Debug|Any CPU.Build.0 = Debug|Any CPU
		{35735A3D-DF12-4BB0-B32B-70F78BD4406E}.Release|Any CPU.ActiveCfg = Release|Any CPU
		{35735A3D-DF12-4BB0-B32B-70F78BD4406E}.Release|Any CPU.Build.0 = Release|Any CPU
	EndGlobalSection
	GlobalSection(SolutionProperties) = preSolution
		HideSolutionNode = FALSE
	EndGlobalSection
	GlobalSection(NestedProjects) = preSolution
		{E2CCF64E-C9FB-41C2-A08E-4B57F32569BE} = {1972DE78-8468-4A56-B07C-CA5D087A40E2}
		{C6A9E0EC-CCB1-4ABC-B33F-DCD66DDD8295} = {CEA20618-3809-4268-B2C5-CF9E220147DE}
		{CD6852BE-4D6D-4721-B15C-CF75FC9C4736} = {1A2FBE97-6129-4B44-9049-A073D18F81B5}
		{378060FF-6A59-4299-A760-9F104DBC23A4} = {6C312FC7-09DC-408D-A4D0-F1A04C1CE724}
		{35735A3D-DF12-4BB0-B32B-70F78BD4406E} = {C969BE2E-F7C4-4640-A035-D30510C25C4A}
	EndGlobalSection
	GlobalSection(ExtensibilityGlobals) = postSolution
		SolutionGuid = {4B582424-041E-4A89-977D-AFC22FC5FDFF}
	EndGlobalSection
EndGlobal
